
Microsoft Visual Studio Solution File, Format Version 12.00
# Visual Studio 15
VisualStudioVersion = 15.0.28307.329
MinimumVisualStudioVersion = 10.0.40219.1
Project("{FAE04EC0-301F-11D3-BF4B-00C04F79EFBC}") = "RaceTrainingPlan", "RaceTrainingPlan\RaceTrainingPlan.csproj", "{D7174B1E-59CD-4D11-86A2-70343AF6A67A}"
EndProject
Global
	GlobalSection(SolutionConfigurationPlatforms) = preSolution
		Debug|Any CPU = Debug|Any CPU
		Release|Any CPU = Release|Any CPU
	EndGlobalSection
	GlobalSection(ProjectConfigurationPlatforms) = postSolution
		{D7174B1E-59CD-4D11-86A2-70343AF6A67A}.Debug|Any CPU.ActiveCfg = Debug|Any CPU
		{D7174B1E-59CD-4D11-86A2-70343AF6A67A}.Debug|Any CPU.Build.0 = Debug|Any CPU
		{D7174B1E-59CD-4D11-86A2-70343AF6A67A}.Release|Any CPU.ActiveCfg = Release|Any CPU
		{D7174B1E-59CD-4D11-86A2-70343AF6A67A}.Release|Any CPU.Build.0 = Release|Any CPU
	EndGlobalSection
	GlobalSection(SolutionProperties) = preSolution
		HideSolutionNode = FALSE
	EndGlobalSection
	GlobalSection(ExtensibilityGlobals) = postSolution
		SolutionGuid = {8FC2A366-EA58-42FB-9FCA-1934871E42EA}
	EndGlobalSection
EndGlobal
